<Solution>
    <Folder Name="/Solution Items/">
        <File Path=".gitignore" />
        <File Path="README.md" />
    </Folder>
    <Folder Name="/Docs/">
        <File Path="docs/Training.md" />
    </Folder>
    <Project Path="AbstractFactoryPattern/AbstractFactoryPattern.csproj" />
    <Project Path="AdapterPattern/AdapterPattern.csproj" />
    <Project Path="FactoryPattern/FactoryPattern.csproj" />
    <Project Path="SingletonPattern/SingletonPattern.csproj" />
</Solution>
